
Microsoft Visual Studio Solution File, Format Version 11.00
# Visual Studio 2010
Project("{FAE04EC0-301F-11D3-BF4B-00C04F79EFBC}") = "Ahhhhh", "Assembly-CSharp-firstpass.csproj", "{FEEC2E6A-8DD0-DB5A-CF5F-8C49B69984E4}"
EndProject
Project("{FAE04EC0-301F-11D3-BF4B-00C04F79EFBC}") = "Ahhhhh", "Assembly-CSharp.csproj", "{90D831DE-885C-87E5-0790-6B9355C7CB66}"
EndProject
Project("{FAE04EC0-301F-11D3-BF4B-00C04F79EFBC}") = "Ahhhhh", "Assembly-CSharp-Editor-firstpass.csproj", "{8E001D14-5178-EC71-51D7-E773554BE588}"
EndProject
Global
	GlobalSection(SolutionConfigurationPlatforms) = preSolution
		Debug|Any CPU = Debug|Any CPU
		Release|Any CPU = Release|Any CPU
	EndGlobalSection
	GlobalSection(ProjectConfigurationPlatforms) = postSolution
		{FEEC2E6A-8DD0-DB5A-CF5F-8C49B69984E4}.Debug|Any CPU.ActiveCfg = Debug|Any CPU
		{FEEC2E6A-8DD0-DB5A-CF5F-8C49B69984E4}.Debug|Any CPU.Build.0 = Debug|Any CPU
		{FEEC2E6A-8DD0-DB5A-CF5F-8C49B69984E4}.Release|Any CPU.ActiveCfg = Release|Any CPU
		{FEEC2E6A-8DD0-DB5A-CF5F-8C49B69984E4}.Release|Any CPU.Build.0 = Release|Any CPU
		{90D831DE-885C-87E5-0790-6B9355C7CB66}.Debug|Any CPU.ActiveCfg = Debug|Any CPU
		{90D831DE-885C-87E5-0790-6B9355C7CB66}.Debug|Any CPU.Build.0 = Debug|Any CPU
		{90D831DE-885C-87E5-0790-6B9355C7CB66}.Release|Any CPU.ActiveCfg = Release|Any CPU
		{90D831DE-885C-87E5-0790-6B9355C7CB66}.Release|Any CPU.Build.0 = Release|Any CPU
		{8E001D14-5178-EC71-51D7-E773554BE588}.Debug|Any CPU.ActiveCfg = Debug|Any CPU
		{8E001D14-5178-EC71-51D7-E773554BE588}.Debug|Any CPU.Build.0 = Debug|Any CPU
		{8E001D14-5178-EC71-51D7-E773554BE588}.Release|Any CPU.ActiveCfg = Release|Any CPU
		{8E001D14-5178-EC71-51D7-E773554BE588}.Release|Any CPU.Build.0 = Release|Any CPU
	EndGlobalSection
	GlobalSection(SolutionProperties) = preSolution
		HideSolutionNode = FALSE
	EndGlobalSection
	GlobalSection(MonoDevelopProperties) = preSolution
		StartupItem = Assembly-CSharp.csproj
	EndGlobalSection
EndGlobal
